// !$*UTF8*$!
{
	archiveVersion = 1;
	classes = {
	};
	objectVersion = 56;
	objects = {

/* Begin PBXBuildFile section */
		F396E6932999F5C90055B37B /* LearningApp.swift in Sources */ = {isa = PBXBuildFile; fileRef = F396E6922999F5C90055B37B /* LearningApp.swift */; };
		F396E6952999F5C90055B37B /* HomeView.swift in Sources */ = {isa = PBXBuildFile; fileRef = F396E6942999F5C90055B37B /* HomeView.swift */; };
		F396E6972999F5C90055B37B /* Assets.xcassets in Resources */ = {isa = PBXBuildFile; fileRef = F396E6962999F5C90055B37B /* Assets.xcassets */; };
		F396E69A2999F5C90055B37B /* Preview Assets.xcassets in Resources */ = {isa = PBXBuildFile; fileRef = F396E6992999F5C90055B37B /* Preview Assets.xcassets */; };
		F396E6A62999F6900055B37B /* ContentModel.swift in Sources */ = {isa = PBXBuildFile; fileRef = F396E6A52999F6900055B37B /* ContentModel.swift */; };
		F396E6A92999F80C0055B37B /* data.json in Resources */ = {isa = PBXBuildFile; fileRef = F396E6A72999F80B0055B37B /* data.json */; };
		F396E6AA2999F80C0055B37B /* style.html in Resources */ = {isa = PBXBuildFile; fileRef = F396E6A82999F80C0055B37B /* style.html */; };
		F396E6AC2999F9F10055B37B /* Models.swift in Sources */ = {isa = PBXBuildFile; fileRef = F396E6AB2999F9F10055B37B /* Models.swift */; };
		F396E6AE299A05220055B37B /* HomeViewRow.swift in Sources */ = {isa = PBXBuildFile; fileRef = F396E6AD299A05220055B37B /* HomeViewRow.swift */; };
		F396E6B0299A0ACA0055B37B /* ContentView.swift in Sources */ = {isa = PBXBuildFile; fileRef = F396E6AF299A0ACA0055B37B /* ContentView.swift */; };
		F396E6B2299A103E0055B37B /* ContentViewRow.swift in Sources */ = {isa = PBXBuildFile; fileRef = F396E6B1299A103E0055B37B /* ContentViewRow.swift */; };
		F396E6B4299A14BC0055B37B /* ContentDetailView.swift in Sources */ = {isa = PBXBuildFile; fileRef = F396E6B3299A14BC0055B37B /* ContentDetailView.swift */; };
		F396E6B7299A165E0055B37B /* AVKit.framework in Frameworks */ = {isa = PBXBuildFile; fileRef = F396E6B6299A165E0055B37B /* AVKit.framework */; };
		F396E6B9299A175C0055B37B /* Constants.swift in Sources */ = {isa = PBXBuildFile; fileRef = F396E6B8299A175C0055B37B /* Constants.swift */; };
/* End PBXBuildFile section */

/* Begin PBXFileReference section */
		F396E68F2999F5C90055B37B /* Learning App.app */ = {isa = PBXFileReference; explicitFileType = wrapper.application; includeInIndex = 0; path = "Learning App.app"; sourceTree = BUILT_PRODUCTS_DIR; };
		F396E6922999F5C90055B37B /* LearningApp.swift */ = {isa = PBXFileReference; lastKnownFileType = sourcecode.swift; path = LearningApp.swift; sourceTree = "<group>"; };
		F396E6942999F5C90055B37B /* HomeView.swift */ = {isa = PBXFileReference; lastKnownFileType = sourcecode.swift; path = HomeView.swift; sourceTree = "<group>"; };
		F396E6962999F5C90055B37B /* Assets.xcassets */ = {isa = PBXFileReference; lastKnownFileType = folder.assetcatalog; path = Assets.xcassets; sourceTree = "<group>"; };
		F396E6992999F5C90055B37B /* Preview Assets.xcassets */ = {isa = PBXFileReference; lastKnownFileType = folder.assetcatalog; path = "Preview Assets.xcassets"; sourceTree = "<group>"; };
		F396E6A52999F6900055B37B /* ContentModel.swift */ = {isa = PBXFileReference; lastKnownFileType = sourcecode.swift; path = ContentModel.swift; sourceTree = "<group>"; };
		F396E6A72999F80B0055B37B /* data.json */ = {isa = PBXFileReference; fileEncoding = 4; lastKnownFileType = text.json; path = data.json; sourceTree = "<group>"; };
		F396E6A82999F80C0055B37B /* style.html */ = {isa = PBXFileReference; fileEncoding = 4; lastKnownFileType = text.html; path = style.html; sourceTree = "<group>"; };
		F396E6AB2999F9F10055B37B /* Models.swift */ = {isa = PBXFileReference; lastKnownFileType = sourcecode.swift; path = Models.swift; sourceTree = "<group>"; };
		F396E6AD299A05220055B37B /* HomeViewRow.swift */ = {isa = PBXFileReference; lastKnownFileType = sourcecode.swift; path = HomeViewRow.swift; sourceTree = "<group>"; };
		F396E6AF299A0ACA0055B37B /* ContentView.swift */ = {isa = PBXFileReference; lastKnownFileType = sourcecode.swift; path = ContentView.swift; sourceTree = "<group>"; };
		F396E6B1299A103E0055B37B /* ContentViewRow.swift */ = {isa = PBXFileReference; lastKnownFileType = sourcecode.swift; path = ContentViewRow.swift; sourceTree = "<group>"; };
		F396E6B3299A14BC0055B37B /* ContentDetailView.swift */ = {isa = PBXFileReference; lastKnownFileType = sourcecode.swift; path = ContentDetailView.swift; sourceTree = "<group>"; };
		F396E6B6299A165E0055B37B /* AVKit.framework */ = {isa = PBXFileReference; lastKnownFileType = wrapper.framework; name = AVKit.framework; path = System/Library/Frameworks/AVKit.framework; sourceTree = SDKROOT; };
		F396E6B8299A175C0055B37B /* Constants.swift */ = {isa = PBXFileReference; lastKnownFileType = sourcecode.swift; path = Constants.swift; sourceTree = "<group>"; };
/* End PBXFileReference section */

/* Begin PBXFrameworksBuildPhase section */
		F396E68C2999F5C90055B37B /* Frameworks */ = {
			isa = PBXFrameworksBuildPhase;
			buildActionMask = 2147483647;
			files = (
				F396E6B7299A165E0055B37B /* AVKit.framework in Frameworks */,
			);
			runOnlyForDeploymentPostprocessing = 0;
		};
/* End PBXFrameworksBuildPhase section */

/* Begin PBXGroup section */
		F396E6862999F5C90055B37B = {
			isa = PBXGroup;
			children = (
				F396E6912999F5C90055B37B /* Learning App */,
				F396E6902999F5C90055B37B /* Products */,
				F396E6B5299A165D0055B37B /* Frameworks */,
			);
			sourceTree = "<group>";
		};
		F396E6902999F5C90055B37B /* Products */ = {
			isa = PBXGroup;
			children = (
				F396E68F2999F5C90055B37B /* Learning App.app */,
			);
			name = Products;
			sourceTree = "<group>";
		};
		F396E6912999F5C90055B37B /* Learning App */ = {
			isa = PBXGroup;
			children = (
				F396E6922999F5C90055B37B /* LearningApp.swift */,
				F396E6A42999F6760055B37B /* Resources */,
				F396E6A32999F6620055B37B /* Helpers */,
				F396E6A22999F6560055B37B /* Models */,
				F396E6A12999F64A0055B37B /* ViewModels */,
				F396E6A02999F6430055B37B /* Views */,
				F396E6962999F5C90055B37B /* Assets.xcassets */,
				F396E6982999F5C90055B37B /* Preview Content */,
			);
			path = "Learning App";
			sourceTree = "<group>";
		};
		F396E6982999F5C90055B37B /* Preview Content */ = {
			isa = PBXGroup;
			children = (
				F396E6992999F5C90055B37B /* Preview Assets.xcassets */,
			);
			path = "Preview Content";
			sourceTree = "<group>";
		};
		F396E6A02999F6430055B37B /* Views */ = {
			isa = PBXGroup;
			children = (
				F396E6942999F5C90055B37B /* HomeView.swift */,
				F396E6AD299A05220055B37B /* HomeViewRow.swift */,
				F396E6AF299A0ACA0055B37B /* ContentView.swift */,
				F396E6B1299A103E0055B37B /* ContentViewRow.swift */,
				F396E6B3299A14BC0055B37B /* ContentDetailView.swift */,
			);
			path = Views;
			sourceTree = "<group>";
		};
		F396E6A12999F64A0055B37B /* ViewModels */ = {
			isa = PBXGroup;
			children = (
				F396E6A52999F6900055B37B /* ContentModel.swift */,
			);
			path = ViewModels;
			sourceTree = "<group>";
		};
		F396E6A22999F6560055B37B /* Models */ = {
			isa = PBXGroup;
			children = (
				F396E6AB2999F9F10055B37B /* Models.swift */,
			);
			path = Models;
			sourceTree = "<group>";
		};
		F396E6A32999F6620055B37B /* Helpers */ = {
			isa = PBXGroup;
			children = (
			);
			path = Helpers;
			sourceTree = "<group>";
		};
		F396E6A42999F6760055B37B /* Resources */ = {
			isa = PBXGroup;
			children = (
				F396E6A72999F80B0055B37B /* data.json */,
				F396E6A82999F80C0055B37B /* style.html */,
				F396E6B8299A175C0055B37B /* Constants.swift */,
			);
			path = Resources;
			sourceTree = "<group>";
		};
		F396E6B5299A165D0055B37B /* Frameworks */ = {
			isa = PBXGroup;
			children = (
				F396E6B6299A165E0055B37B /* AVKit.framework */,
			);
			name = Frameworks;
			sourceTree = "<group>";
		};
/* End PBXGroup section */

/* Begin PBXNativeTarget section */
		F396E68E2999F5C90055B37B /* Learning App */ = {
			isa = PBXNativeTarget;
			buildConfigurationList = F396E69D2999F5C90055B37B /* Build configuration list for PBXNativeTarget "Learning App" */;
			buildPhases = (
				F396E68B2999F5C90055B37B /* Sources */,
				F396E68C2999F5C90055B37B /* Frameworks */,
				F396E68D2999F5C90055B37B /* Resources */,
			);
			buildRules = (
			);
			dependencies = (
			);
			name = "Learning App";
			productName = "Learning App";
			productReference = F396E68F2999F5C90055B37B /* Learning App.app */;
			productType = "com.apple.product-type.application";
		};
/* End PBXNativeTarget section */

/* Begin PBXProject section */
		F396E6872999F5C90055B37B /* Project object */ = {
			isa = PBXProject;
			attributes = {
				BuildIndependentTargetsInParallel = 1;
				LastSwiftUpdateCheck = 1420;
				LastUpgradeCheck = 1420;
				TargetAttributes = {
					F396E68E2999F5C90055B37B = {
						CreatedOnToolsVersion = 14.2;
					};
				};
			};
			buildConfigurationList = F396E68A2999F5C90055B37B /* Build configuration list for PBXProject "Learning App" */;
			compatibilityVersion = "Xcode 14.0";
			developmentRegion = en;
			hasScannedForEncodings = 0;
			knownRegions = (
				en,
				Base,
			);
			mainGroup = F396E6862999F5C90055B37B;
			productRefGroup = F396E6902999F5C90055B37B /* Products */;
			projectDirPath = "";
			projectRoot = "";
			targets = (
				F396E68E2999F5C90055B37B /* Learning App */,
			);
		};
/* End PBXProject section */

/* Begin PBXResourcesBuildPhase section */
		F396E68D2999F5C90055B37B /* Resources */ = {
			isa = PBXResourcesBuildPhase;
			buildActionMask = 2147483647;
			files = (
				F396E69A2999F5C90055B37B /* Preview Assets.xcassets in Resources */,
				F396E6A92999F80C0055B37B /* data.json in Resources */,
				F396E6AA2999F80C0055B37B /* style.html in Resources */,
				F396E6972999F5C90055B37B /* Assets.xcassets in Resources */,
			);
			runOnlyForDeploymentPostprocessing = 0;
		};
/* End PBXResourcesBuildPhase section */

/* Begin PBXSourcesBuildPhase section */
		F396E68B2999F5C90055B37B /* Sources */ = {
			isa = PBXSourcesBuildPhase;
			buildActionMask = 2147483647;
			files = (
				F396E6952999F5C90055B37B /* HomeView.swift in Sources */,
				F396E6AE299A05220055B37B /* HomeViewRow.swift in Sources */,
				F396E6B0299A0ACA0055B37B /* ContentView.swift in Sources */,
				F396E6B4299A14BC0055B37B /* ContentDetailView.swift in Sources */,
				F396E6932999F5C90055B37B /* LearningApp.swift in Sources */,
				F396E6B2299A103E0055B37B /* ContentViewRow.swift in Sources */,
				F396E6A62999F6900055B37B /* ContentModel.swift in Sources */,
				F396E6AC2999F9F10055B37B /* Models.swift in Sources */,
				F396E6B9299A175C0055B37B /* Constants.swift in Sources */,
			);
			runOnlyForDeploymentPostprocessing = 0;
		};
/* End PBXSourcesBuildPhase section */

/* Begin XCBuildConfiguration section */
		F396E69B2999F5C90055B37B /* Debug */ = {
			isa = XCBuildConfiguration;
			buildSettings = {
				ALWAYS_SEARCH_USER_PATHS = NO;
				CLANG_ANALYZER_NONNULL = YES;
				CLANG_ANALYZER_NUMBER_OBJECT_CONVERSION = YES_AGGRESSIVE;
				CLANG_CXX_LANGUAGE_STANDARD = "gnu++20";
				CLANG_ENABLE_MODULES = YES;
				CLANG_ENABLE_OBJC_ARC = YES;
				CLANG_ENABLE_OBJC_WEAK = YES;
				CLANG_WARN_BLOCK_CAPTURE_AUTORELEASING = YES;
				CLANG_WARN_BOOL_CONVERSION = YES;
				CLANG_WARN_COMMA = YES;
				CLANG_WARN_CONSTANT_CONVERSION = YES;
				CLANG_WARN_DEPRECATED_OBJC_IMPLEMENTATIONS = YES;
				CLANG_WARN_DIRECT_OBJC_ISA_USAGE = YES_ERROR;
				CLANG_WARN_DOCUMENTATION_COMMENTS = YES;
				CLANG_WARN_EMPTY_BODY = YES;
				CLANG_WARN_ENUM_CONVERSION = YES;
				CLANG_WARN_INFINITE_RECURSION = YES;
				CLANG_WARN_INT_CONVERSION = YES;
				CLANG_WARN_NON_LITERAL_NULL_CONVERSION = YES;
				CLANG_WARN_OBJC_IMPLICIT_RETAIN_SELF = YES;
				CLANG_WARN_OBJC_LITERAL_CONVERSION = YES;
				CLANG_WARN_OBJC_ROOT_CLASS = YES_ERROR;
				CLANG_WARN_QUOTED_INCLUDE_IN_FRAMEWORK_HEADER = YES;
				CLANG_WARN_RANGE_LOOP_ANALYSIS = YES;
				CLANG_WARN_STRICT_PROTOTYPES = YES;
				CLANG_WARN_SUSPICIOUS_MOVE = YES;
				CLANG_WARN_UNGUARDED_AVAILABILITY = YES_AGGRESSIVE;
				CLANG_WARN_UNREACHABLE_CODE = YES;
				CLANG_WARN__DUPLICATE_METHOD_MATCH = YES;
				COPY_PHASE_STRIP = NO;
				DEBUG_INFORMATION_FORMAT = dwarf;
				ENABLE_STRICT_OBJC_MSGSEND = YES;
				ENABLE_TESTABILITY = YES;
				GCC_C_LANGUAGE_STANDARD = gnu11;
				GCC_DYNAMIC_NO_PIC = NO;
				GCC_NO_COMMON_BLOCKS = YES;
				GCC_OPTIMIZATION_LEVEL = 0;
				GCC_PREPROCESSOR_DEFINITIONS = (
					"DEBUG=1",
					"$(inherited)",
				);
				GCC_WARN_64_TO_32_BIT_CONVERSION = YES;
				GCC_WARN_ABOUT_RETURN_TYPE = YES_ERROR;
				GCC_WARN_UNDECLARED_SELECTOR = YES;
				GCC_WARN_UNINITIALIZED_AUTOS = YES_AGGRESSIVE;
				GCC_WARN_UNUSED_FUNCTION = YES;
				GCC_WARN_UNUSED_VARIABLE = YES;
				IPHONEOS_DEPLOYMENT_TARGET = 16.2;
				MTL_ENABLE_DEBUG_INFO = INCLUDE_SOURCE;
				MTL_FAST_MATH = YES;
				ONLY_ACTIVE_ARCH = YES;
				SDKROOT = iphoneos;
				SWIFT_ACTIVE_COMPILATION_CONDITIONS = DEBUG;
				SWIFT_OPTIMIZATION_LEVEL = "-Onone";
			};
			name = Debug;
		};
		F396E69C2999F5C90055B37B /* Release */ = {
			isa = XCBuildConfiguration;
			buildSettings = {
				ALWAYS_SEARCH_USER_PATHS = NO;
				CLANG_ANALYZER_NONNULL = YES;
				CLANG_ANALYZER_NUMBER_OBJECT_CONVERSION = YES_AGGRESSIVE;
				CLANG_CXX_LANGUAGE_STANDARD = "gnu++20";
				CLANG_ENABLE_MODULES = YES;
				CLANG_ENABLE_OBJC_ARC = YES;
				CLANG_ENABLE_OBJC_WEAK = YES;
				CLANG_WARN_BLOCK_CAPTURE_AUTORELEASING = YES;
				CLANG_WARN_BOOL_CONVERSION = YES;
				CLANG_WARN_COMMA = YES;
				CLANG_WARN_CONSTANT_CONVERSION = YES;
				CLANG_WARN_DEPRECATED_OBJC_IMPLEMENTATIONS = YES;
				CLANG_WARN_DIRECT_OBJC_ISA_USAGE = YES_ERROR;
				CLANG_WARN_DOCUMENTATION_COMMENTS = YES;
				CLANG_WARN_EMPTY_BODY = YES;
				CLANG_WARN_ENUM_CONVERSION = YES;
				CLANG_WARN_INFINITE_RECURSION = YES;
				CLANG_WARN_INT_CONVERSION = YES;
				CLANG_WARN_NON_LITERAL_NULL_CONVERSION = YES;
				CLANG_WARN_OBJC_IMPLICIT_RETAIN_SELF = YES;
				CLANG_WARN_OBJC_LITERAL_CONVERSION = YES;
				CLANG_WARN_OBJC_ROOT_CLASS = YES_ERROR;
				CLANG_WARN_QUOTED_INCLUDE_IN_FRAMEWORK_HEADER = YES;
				CLANG_WARN_RANGE_LOOP_ANALYSIS = YES;
				CLANG_WARN_STRICT_PROTOTYPES = YES;
				CLANG_WARN_SUSPICIOUS_MOVE = YES;
				CLANG_WARN_UNGUARDED_AVAILABILITY = YES_AGGRESSIVE;
				CLANG_WARN_UNREACHABLE_CODE = YES;
				CLANG_WARN__DUPLICATE_METHOD_MATCH = YES;
				COPY_PHASE_STRIP = NO;
				DEBUG_INFORMATION_FORMAT = "dwarf-with-dsym";
				ENABLE_NS_ASSERTIONS = NO;
				ENABLE_STRICT_OBJC_MSGSEND = YES;
				GCC_C_LANGUAGE_STANDARD = gnu11;
				GCC_NO_COMMON_BLOCKS = YES;
				GCC_WARN_64_TO_32_BIT_CONVERSION = YES;
				GCC_WARN_ABOUT_RETURN_TYPE = YES_ERROR;
				GCC_WARN_UNDECLARED_SELECTOR = YES;
				GCC_WARN_UNINITIALIZED_AUTOS = YES_AGGRESSIVE;
				GCC_WARN_UNUSED_FUNCTION = YES;
				GCC_WARN_UNUSED_VARIABLE = YES;
				IPHONEOS_DEPLOYMENT_TARGET = 16.2;
				MTL_ENABLE_DEBUG_INFO = NO;
				MTL_FAST_MATH = YES;
				SDKROOT = iphoneos;
				SWIFT_COMPILATION_MODE = wholemodule;
				SWIFT_OPTIMIZATION_LEVEL = "-O";
				VALIDATE_PRODUCT = YES;
			};
			name = Release;
		};
		F396E69E2999F5C90055B37B /* Debug */ = {
			isa = XCBuildConfiguration;
			buildSettings = {
				ASSETCATALOG_COMPILER_APPICON_NAME = AppIcon;
				ASSETCATALOG_COMPILER_GLOBAL_ACCENT_COLOR_NAME = AccentColor;
				CODE_SIGN_STYLE = Automatic;
				CURRENT_PROJECT_VERSION = 1;
				DEVELOPMENT_ASSET_PATHS = "\"Learning App/Preview Content\"";
				DEVELOPMENT_TEAM = QG3YZK6HZG;
				ENABLE_PREVIEWS = YES;
				GENERATE_INFOPLIST_FILE = YES;
				INFOPLIST_KEY_UIApplicationSceneManifest_Generation = YES;
				INFOPLIST_KEY_UIApplicationSupportsIndirectInputEvents = YES;
				INFOPLIST_KEY_UILaunchScreen_Generation = YES;
				INFOPLIST_KEY_UISupportedInterfaceOrientations_iPad = "UIInterfaceOrientationPortrait UIInterfaceOrientationPortraitUpsideDown UIInterfaceOrientationLandscapeLeft UIInterfaceOrientationLandscapeRight";
				INFOPLIST_KEY_UISupportedInterfaceOrientations_iPhone = "UIInterfaceOrientationPortrait UIInterfaceOrientationLandscapeLeft UIInterfaceOrientationLandscapeRight";
				LD_RUNPATH_SEARCH_PATHS = (
					"$(inherited)",
					"@executable_path/Frameworks",
				);
				MARKETING_VERSION = 1.0;
				PRODUCT_BUNDLE_IDENTIFIER = "me.Thomas.Howard.Learning-App";
				PRODUCT_NAME = "$(TARGET_NAME)";
				SWIFT_EMIT_LOC_STRINGS = YES;
				SWIFT_VERSION = 5.0;
				TARGETED_DEVICE_FAMILY = "1,2";
			};
			name = Debug;
		};
		F396E69F2999F5C90055B37B /* Release */ = {
			isa = XCBuildConfiguration;
			buildSettings = {
				ASSETCATALOG_COMPILER_APPICON_NAME = AppIcon;
				ASSETCATALOG_COMPILER_GLOBAL_ACCENT_COLOR_NAME = AccentColor;
				CODE_SIGN_STYLE = Automatic;
				CURRENT_PROJECT_VERSION = 1;
				DEVELOPMENT_ASSET_PATHS = "\"Learning App/Preview Content\"";
				DEVELOPMENT_TEAM = QG3YZK6HZG;
				ENABLE_PREVIEWS = YES;
				GENERATE_INFOPLIST_FILE = YES;
				INFOPLIST_KEY_UIApplicationSceneManifest_Generation = YES;
				INFOPLIST_KEY_UIApplicationSupportsIndirectInputEvents = YES;
				INFOPLIST_KEY_UILaunchScreen_Generation = YES;
				INFOPLIST_KEY_UISupportedInterfaceOrientations_iPad = "UIInterfaceOrientationPortrait UIInterfaceOrientationPortraitUpsideDown UIInterfaceOrientationLandscapeLeft UIInterfaceOrientationLandscapeRight";
				INFOPLIST_KEY_UISupportedInterfaceOrientations_iPhone = "UIInterfaceOrientationPortrait UIInterfaceOrientationLandscapeLeft UIInterfaceOrientationLandscapeRight";
				LD_RUNPATH_SEARCH_PATHS = (
					"$(inherited)",
					"@executable_path/Frameworks",
				);
				MARKETING_VERSION = 1.0;
				PRODUCT_BUNDLE_IDENTIFIER = "me.Thomas.Howard.Learning-App";
				PRODUCT_NAME = "$(TARGET_NAME)";
				SWIFT_EMIT_LOC_STRINGS = YES;
				SWIFT_VERSION = 5.0;
				TARGETED_DEVICE_FAMILY = "1,2";
			};
			name = Release;
		};
/* End XCBuildConfiguration section */

/* Begin XCConfigurationList section */
		F396E68A2999F5C90055B37B /* Build configuration list for PBXProject "Learning App" */ = {
			isa = XCConfigurationList;
			buildConfigurations = (
				F396E69B2999F5C90055B37B /* Debug */,
				F396E69C2999F5C90055B37B /* Release */,
			);
			defaultConfigurationIsVisible = 0;
			defaultConfigurationName = Release;
		};
		F396E69D2999F5C90055B37B /* Build configuration list for PBXNativeTarget "Learning App" */ = {
			isa = XCConfigurationList;
			buildConfigurations = (
				F396E69E2999F5C90055B37B /* Debug */,
				F396E69F2999F5C90055B37B /* Release */,
			);
			defaultConfigurationIsVisible = 0;
			defaultConfigurationName = Release;
		};
/* End XCConfigurationList section */
	};
	rootObject = F396E6872999F5C90055B37B /* Project object */;
}
